
Microsoft Visual Studio Solution File, Format Version 12.00
# Visual Studio Version 17
VisualStudioVersion = 17.3.32825.248
MinimumVisualStudioVersion = 10.0.40219.1
Project("{9A19103F-16F7-4668-BE54-9A1E7A4F7556}") = "PanoramicData.NCalcExtensions", "PanoramicData.NCalcExtensions\PanoramicData.NCalcExtensions.csproj", "{4CC16329-746A-4D3E-8835-6C7070122760}"
EndProject
Project("{2150E333-8FDC-42A3-9474-1A3956D46DE8}") = "Solution Items", "Solution Items", "{6AD02571-519B-42B8-B754-F11FBC4BDD72}"
	ProjectSection(SolutionItems) = preProject
		.editorconfig = .editorconfig
		.gitignore = .gitignore
		global.json = global.json
		PanoramicData.NCalcExtensions.sln.vsspell = PanoramicData.NCalcExtensions.sln.vsspell
		PanoramicData.NCalcExtensions.sln.vsspell.dic = PanoramicData.NCalcExtensions.sln.vsspell.dic
		README.md = README.md
		version.json = version.json
	EndProjectSection
EndProject
Project("{9A19103F-16F7-4668-BE54-9A1E7A4F7556}") = "PanoramicData.NCalcExtensions.Test", "PanoramicData.NCalcExtensions.Test\PanoramicData.NCalcExtensions.Test.csproj", "{EA50B1AD-C32A-4683-A165-C25E77F57C02}"
EndProject
Global
	GlobalSection(SolutionConfigurationPlatforms) = preSolution
		Debug|Any CPU = Debug|Any CPU
		Release|Any CPU = Release|Any CPU
	EndGlobalSection
	GlobalSection(ProjectConfigurationPlatforms) = postSolution
		{4CC16329-746A-4D3E-8835-6C7070122760}.Debug|Any CPU.ActiveCfg = Debug|Any CPU
		{4CC16329-746A-4D3E-8835-6C7070122760}.Debug|Any CPU.Build.0 = Debug|Any CPU
		{4CC16329-746A-4D3E-8835-6C7070122760}.Release|Any CPU.ActiveCfg = Release|Any CPU
		{4CC16329-746A-4D3E-8835-6C7070122760}.Release|Any CPU.Build.0 = Release|Any CPU
		{EA50B1AD-C32A-4683-A165-C25E77F57C02}.Debug|Any CPU.ActiveCfg = Debug|Any CPU
		{EA50B1AD-C32A-4683-A165-C25E77F57C02}.Debug|Any CPU.Build.0 = Debug|Any CPU
		{EA50B1AD-C32A-4683-A165-C25E77F57C02}.Release|Any CPU.ActiveCfg = Release|Any CPU
		{EA50B1AD-C32A-4683-A165-C25E77F57C02}.Release|Any CPU.Build.0 = Release|Any CPU
	EndGlobalSection
	GlobalSection(SolutionProperties) = preSolution
		HideSolutionNode = FALSE
	EndGlobalSection
	GlobalSection(ExtensibilityGlobals) = postSolution
		SolutionGuid = {B32B15E6-D37A-4316-8B7E-7ABE1A718F5C}
	EndGlobalSection
EndGlobal
